<?xml version="1.0" encoding="utf-8"?>
<Project ToolsVersion="4.0" xmlns="http://schemas.microsoft.com/developer/msbuild/2003">
  <ItemGroup>
    <Filter Include="Header Files">
      <UniqueIdentifier>{93995380-89BD-4b04-88EB-625FBE52EBFB}</UniqueIdentifier>
      <Extensions>h;hpp;hxx;hm;inl;inc;xsd</Extensions>
    </Filter>
    <Filter Include="Header Files\Shared">
      <UniqueIdentifier>{4e4a6a07-d337-42ef-975e-413637bbb864}</UniqueIdentifier>
    </Filter>
    <Filter Include="Resource Files">
      <UniqueIdentifier>{67DA6AB6-F800-4c08-8B7A-83BB121AAD01}</UniqueIdentifier>
      <Extensions>rc;ico;cur;bmp;dlg;rc2;rct;bin;rgs;gif;jpg;jpeg;jpe;resx;tiff;tif;png;wav</Extensions>
    </Filter>
    <Filter Include="Source Files">
      <UniqueIdentifier>{4FC737F1-C7A5-4376-A066-2A32D752A2FF}</UniqueIdentifier>
      <Extensions>cpp;c;cc;cxx;def;odl;idl;hpj;bat;asm;asmx</Extensions>
    </Filter>
    <Filter Include="Source Files\Shared">
      <UniqueIdentifier>{82649680-6f01-4f4b-9016-33d2f9930b72}</UniqueIdentifier>
    </Filter>
    <Filter Include="Header Files\Demos">
      <UniqueIdentifier>{4af3086a-f0ad-4421-8647-84b711bdf81f}</UniqueIdentifier>
    </Filter>
    <Filter Include="Source Files\Demos">
      <UniqueIdentifier>{43825ca5-b5e1-402d-a57a-be1b7f41d1ae}</UniqueIdentifier>
    </Filter>
    <Filter Include="Source Files\Game">
      <UniqueIdentifier>{9468fd3c-52a9-4893-bca2-10e9770cac99}</UniqueIdentifier>
    </Filter>
    <Filter Include="Header Files\Game">
      <UniqueIdentifier>{9979321b-c61a-483b-a2ca-594d19b00c60}</UniqueIdentifier>
    </Filter>
    <Filter Include="Source Files\Game\GameState">
      <UniqueIdentifier>{a84865f3-50ba-4c2c-9737-48d1a3283cb1}</UniqueIdentifier>
    </Filter>
    <Filter Include="Header Files\Game\GameState">
      <UniqueIdentifier>{34d1cd35-039e-4051-9105-cf80ab2144c0}</UniqueIdentifier>
    </Filter>
    <Filter Include="Header Files\Game\Turrets&amp;Projectiles">
      <UniqueIdentifier>{42aa3354-d130-4306-b2db-93dc181c60af}</UniqueIdentifier>
    </Filter>
    <Filter Include="Source Files\Game\Turrets&amp;Projectiles">
      <UniqueIdentifier>{29bc5b58-ed52-4c2a-8fa0-f33424f7caa3}</UniqueIdentifier>
    </Filter>
  </ItemGroup>
  <ItemGroup>
    <ClInclude Include="BaseEngine.h">
      <Filter>Header Files\Shared</Filter>
    </ClInclude>
    <ClInclude Include="DisplayableObject.h">
      <Filter>Header Files\Shared</Filter>
    </ClInclude>
    <ClInclude Include="FontManager.h">
      <Filter>Header Files\Shared</Filter>
    </ClInclude>
    <ClInclude Include="JPGImage.h">
      <Filter>Header Files\Shared</Filter>
    </ClInclude>
    <ClInclude Include="MovementPosition.h">
      <Filter>Header Files\Shared</Filter>
    </ClInclude>
    <ClInclude Include="templates.h">
      <Filter>Header Files\Shared</Filter>
    </ClInclude>
    <ClInclude Include="TileManager.h">
      <Filter>Header Files\Shared</Filter>
    </ClInclude>
    <ClInclude Include="BouncingBall.h">
      <Filter>Header Files\Demos</Filter>
    </ClInclude>
    <ClInclude Include="BouncingBallMain.h">
      <Filter>Header Files\Demos</Filter>
    </ClInclude>
    <ClInclude Include="Demo2Main.h">
      <Filter>Header Files\Demos</Filter>
    </ClInclude>
    <ClInclude Include="Demo2Object.h">
      <Filter>Header Files\Demos</Filter>
    </ClInclude>
    <ClInclude Include="Demo2TileManager.h">
      <Filter>Header Files\Demos</Filter>
    </ClInclude>
    <ClInclude Include="Demo3Main.h">
      <Filter>Header Files\Demos</Filter>
    </ClInclude>
    <ClInclude Include="Demo3Object.h">
      <Filter>Header Files\Demos</Filter>
    </ClInclude>
    <ClInclude Include="Demo3ObjectFinished.h">
      <Filter>Header Files\Demos</Filter>
    </ClInclude>
    <ClInclude Include="Demo3TileManager.h">
      <Filter>Header Files\Demos</Filter>
    </ClInclude>
    <ClInclude Include="Demo4Main.h">
      <Filter>Header Files\Demos</Filter>
    </ClInclude>
    <ClInclude Include="Demo4Object.h">
      <Filter>Header Files\Demos</Filter>
    </ClInclude>
    <ClInclude Include="Demo4TileManager.h">
      <Filter>Header Files\Demos</Filter>
    </ClInclude>
    <ClInclude Include="Demo1Main.h">
      <Filter>Header Files\Demos</Filter>
    </ClInclude>
    <ClInclude Include="SimpleDemo.h">
      <Filter>Header Files\Demos</Filter>
    </ClInclude>
    <ClInclude Include="header.h">
      <Filter>Header Files</Filter>
    </ClInclude>
    <ClInclude Include="Enemy.h">
      <Filter>Header Files\Game</Filter>
    </ClInclude>
    <ClInclude Include="MovableObject.h">
      <Filter>Header Files\Game</Filter>
    </ClInclude>
    <ClInclude Include="MapTileManager.h">
      <Filter>Header Files\Game</Filter>
    </ClInclude>
    <ClInclude Include="WaveManager.h">
      <Filter>Header Files\Game</Filter>
    </ClInclude>
    <ClInclude Include="Game.h">
      <Filter>Header Files\Game</Filter>
    </ClInclude>
    <ClInclude Include="GameStateManager.h">
      <Filter>Header Files\Game\GameState</Filter>
    </ClInclude>
    <ClInclude Include="GameState.h">
      <Filter>Header Files\Game\GameState</Filter>
    </ClInclude>
    <ClInclude Include="GameMain.h">
      <Filter>Header Files\Game\GameState</Filter>
    </ClInclude>
    <ClInclude Include="MenuState.h">
      <Filter>Header Files\Game\GameState</Filter>
    </ClInclude>
    <ClInclude Include="TurretBasic.h">
      <Filter>Header Files\Game\Turrets&amp;Projectiles</Filter>
    </ClInclude>
    <ClInclude Include="ProjectileBasic.h">
      <Filter>Header Files\Game\Turrets&amp;Projectiles</Filter>
    </ClInclude>
    <ClInclude Include="TurretSniper.h">
      <Filter>Header Files\Game\Turrets&amp;Projectiles</Filter>
    </ClInclude>
    <ClInclude Include="ProjectileSniper.h">
      <Filter>Header Files\Game\Turrets&amp;Projectiles</Filter>
    </ClInclude>
    <ClInclude Include="TurretCannon.h">
      <Filter>Header Files\Game\Turrets&amp;Projectiles</Filter>
    </ClInclude>
    <ClInclude Include="ProjectileCannon.h">
      <Filter>Header Files\Game\Turrets&amp;Projectiles</Filter>
    </ClInclude>
    <ClInclude Include="ProjectileCannonFrag.h">
      <Filter>Header Files\Game\Turrets&amp;Projectiles</Filter>
    </ClInclude>
    <ClInclude Include="GameOverState.h">
      <Filter>Header Files\Game\GameState</Filter>
    </ClInclude>
    <ClInclude Include="HighscoresState.h">
      <Filter>Header Files\Game\GameState</Filter>
    </ClInclude>
    <ClInclude Include="MenuTileManager.h">
      <Filter>Header Files\Game</Filter>
    </ClInclude>
    <ClInclude Include="BouncingObject.h">
      <Filter>Header Files\Game</Filter>
    </ClInclude>
  </ItemGroup>
  <ItemGroup>
    <ClCompile Include="mainfunction.cpp">
      <Filter>Source Files</Filter>
    </ClCompile>
    <ClCompile Include="BaseEngine.cpp">
      <Filter>Source Files\Shared</Filter>
    </ClCompile>
    <ClCompile Include="DisplayableObject.cpp">
      <Filter>Source Files\Shared</Filter>
    </ClCompile>
    <ClCompile Include="FontManager.cpp">
      <Filter>Source Files\Shared</Filter>
    </ClCompile>
    <ClCompile Include="JPGImage.cpp">
      <Filter>Source Files\Shared</Filter>
    </ClCompile>
    <ClCompile Include="TileManager.cpp">
      <Filter>Source Files\Shared</Filter>
    </ClCompile>
    <ClCompile Include="BouncingBall.cpp">
      <Filter>Source Files\Demos</Filter>
    </ClCompile>
    <ClCompile Include="BouncingBallMain.cpp">
      <Filter>Source Files\Demos</Filter>
    </ClCompile>
    <ClCompile Include="Demo2Main.cpp">
      <Filter>Source Files\Demos</Filter>
    </ClCompile>
    <ClCompile Include="Demo2Object.cpp">
      <Filter>Source Files\Demos</Filter>
    </ClCompile>
    <ClCompile Include="Demo2TileManager.cpp">
      <Filter>Source Files\Demos</Filter>
    </ClCompile>
    <ClCompile Include="Demo3Main.cpp">
      <Filter>Source Files\Demos</Filter>
    </ClCompile>
    <ClCompile Include="Demo3Object.cpp">
      <Filter>Source Files\Demos</Filter>
    </ClCompile>
    <ClCompile Include="Demo3ObjectFinished.cpp">
      <Filter>Source Files\Demos</Filter>
    </ClCompile>
    <ClCompile Include="Demo3TileManager.cpp">
      <Filter>Source Files\Demos</Filter>
    </ClCompile>
    <ClCompile Include="Demo4Main.cpp">
      <Filter>Source Files\Demos</Filter>
    </ClCompile>
    <ClCompile Include="Demo4Object.cpp">
      <Filter>Source Files\Demos</Filter>
    </ClCompile>
    <ClCompile Include="Demo4TileManager.cpp">
      <Filter>Source Files\Demos</Filter>
    </ClCompile>
    <ClCompile Include="Demo1Main.cpp">
      <Filter>Source Files\Demos</Filter>
    </ClCompile>
    <ClCompile Include="SimpleDemo.cpp">
      <Filter>Source Files\Demos</Filter>
    </ClCompile>
    <ClCompile Include="Enemy.cpp">
      <Filter>Source Files\Game</Filter>
    </ClCompile>
    <ClCompile Include="MovableObject.cpp">
      <Filter>Source Files\Game</Filter>
    </ClCompile>
    <ClCompile Include="MapTileManager.cpp">
      <Filter>Source Files\Game</Filter>
    </ClCompile>
    <ClCompile Include="WaveManager.cpp">
      <Filter>Source Files\Game</Filter>
    </ClCompile>
    <ClCompile Include="Game.cpp">
      <Filter>Source Files\Game</Filter>
    </ClCompile>
    <ClCompile Include="GameStateManager.cpp">
      <Filter>Source Files\Game\GameState</Filter>
    </ClCompile>
    <ClCompile Include="GameState.cpp">
      <Filter>Source Files\Game\GameState</Filter>
    </ClCompile>
    <ClCompile Include="GameMain.cpp">
      <Filter>Source Files\Game\GameState</Filter>
    </ClCompile>
    <ClCompile Include="MenuState.cpp">
      <Filter>Source Files\Game\GameState</Filter>
    </ClCompile>
    <ClCompile Include="ProjectileBasic.cpp">
      <Filter>Source Files\Game\Turrets&amp;Projectiles</Filter>
    </ClCompile>
    <ClCompile Include="TurretBasic.cpp">
      <Filter>Source Files\Game\Turrets&amp;Projectiles</Filter>
    </ClCompile>
    <ClCompile Include="TurretSniper.cpp">
      <Filter>Source Files\Game\Turrets&amp;Projectiles</Filter>
    </ClCompile>
    <ClCompile Include="ProjectileSniper.cpp">
      <Filter>Source Files\Game\Turrets&amp;Projectiles</Filter>
    </ClCompile>
    <ClCompile Include="TurretCannon.cpp">
      <Filter>Source Files\Game\Turrets&amp;Projectiles</Filter>
    </ClCompile>
    <ClCompile Include="ProjectileCannon.cpp">
      <Filter>Source Files\Game\Turrets&amp;Projectiles</Filter>
    </ClCompile>
    <ClCompile Include="ProjectileCannonFrag.cpp">
      <Filter>Source Files\Game\Turrets&amp;Projectiles</Filter>
    </ClCompile>
    <ClCompile Include="GameOverState.cpp">
      <Filter>Source Files\Game\GameState</Filter>
    </ClCompile>
    <ClCompile Include="HighscoresState.cpp">
      <Filter>Source Files\Game\GameState</Filter>
    </ClCompile>
    <ClCompile Include="MenuTileManager.cpp">
      <Filter>Source Files\Game</Filter>
    </ClCompile>
    <ClCompile Include="BouncingObject.cpp">
      <Filter>Source Files\Game\GameState</Filter>
    </ClCompile>
  </ItemGroup>
</Project>